
Microsoft Visual Studio Solution File, Format Version 12.00
# Visual Studio Version 16
VisualStudioVersion = 16.0.31702.278
MinimumVisualStudioVersion = 10.0.40219.1
Project("{FAE04EC0-301F-11D3-BF4B-00C04F79EFBC}") = "Emigrantes", "Emigrantes\Emigrantes.csproj", "{ABC20C70-87E4-41F0-BFBE-C4897BAF38DA}"
EndProject
Global
	GlobalSection(SolutionConfigurationPlatforms) = preSolution
		Debug|Any CPU = Debug|Any CPU
		Release|Any CPU = Release|Any CPU
	EndGlobalSection
	GlobalSection(ProjectConfigurationPlatforms) = postSolution
		{ABC20C70-87E4-41F0-BFBE-C4897BAF38DA}.Debug|Any CPU.ActiveCfg = Debug|Any CPU
		{ABC20C70-87E4-41F0-BFBE-C4897BAF38DA}.Debug|Any CPU.Build.0 = Debug|Any CPU
		{ABC20C70-87E4-41F0-BFBE-C4897BAF38DA}.Release|Any CPU.ActiveCfg = Release|Any CPU
		{ABC20C70-87E4-41F0-BFBE-C4897BAF38DA}.Release|Any CPU.Build.0 = Release|Any CPU
	EndGlobalSection
	GlobalSection(SolutionProperties) = preSolution
		HideSolutionNode = FALSE
	EndGlobalSection
	GlobalSection(ExtensibilityGlobals) = postSolution
		SolutionGuid = {E3F4FB50-4C24-4A22-8B70-913AAD627AB3}
	EndGlobalSection
EndGlobal
